github.com/crokenx/greetings v0.0.0-20230304230337-37240da3da41 h1:RRiM1eYkO2cuOWmQMPqnY7oEtIlNtEkZSaYHnVd9UZI=
github.com/crokenx/greetings v0.0.0-20230304230337-37240da3da41/go.mod h1:Ii08Kk25h8xMv/tcKI0XIKrR3sYMAZUZu5JVR9R9jEQ=
github.com/crokenx/greetings v0.0.0-20230304231838-948e08895547 h1:4zq5+xK5pTrer88zjvPE90dTwoxzvaPc7WGkGWtV3kY=
github.com/crokenx/greetings v0.0.0-20230304231838-948e08895547/go.mod h1:Ii08Kk25h8xMv/tcKI0XIKrR3sYMAZUZu5JVR9R9jEQ=
github.com/crokenx/greetings v0.0.0-20230304233618-55f640458fda h1:ZBMQmGW6H+aWSJju7w1x1oQGHUOu8gyjS4DXtL9CXc8=
github.com/crokenx/greetings v0.0.0-20230304233618-55f640458fda/go.mod h1:Ii08Kk25h8xMv/tcKI0XIKrR3sYMAZUZu5JVR9R9jEQ=
